// !$*UTF8*$!
{
	archiveVersion = 1;
	classes = {
	};
	objectVersion = 48;
	objects = {

/* Begin PBXBuildFile section */
		2FFCB760B02EA6725CA07419 /* Pods_JenkinsUITests.framework in Frameworks */ = {isa = PBXBuildFile; fileRef = 98DFFF33987B9D39D71725BA /* Pods_JenkinsUITests.framework */; };
		715670682060D6BA00920941 /* AppDelegate.swift in Sources */ = {isa = PBXBuildFile; fileRef = 715670672060D6BA00920941 /* AppDelegate.swift */; };
		7156706A2060D6BA00920941 /* ViewController.swift in Sources */ = {isa = PBXBuildFile; fileRef = 715670692060D6BA00920941 /* ViewController.swift */; };
		7156706D2060D6BA00920941 /* Main.storyboard in Resources */ = {isa = PBXBuildFile; fileRef = 7156706B2060D6BA00920941 /* Main.storyboard */; };
		7156706F2060D6BA00920941 /* Assets.xcassets in Resources */ = {isa = PBXBuildFile; fileRef = 7156706E2060D6BA00920941 /* Assets.xcassets */; };
		715670722060D6BA00920941 /* LaunchScreen.storyboard in Resources */ = {isa = PBXBuildFile; fileRef = 715670702060D6BA00920941 /* LaunchScreen.storyboard */; };
		7156707D2060D6BA00920941 /* JenkinsTests.swift in Sources */ = {isa = PBXBuildFile; fileRef = 7156707C2060D6BA00920941 /* JenkinsTests.swift */; };
		715670882060D6BA00920941 /* JenkinsUITests.swift in Sources */ = {isa = PBXBuildFile; fileRef = 715670872060D6BA00920941 /* JenkinsUITests.swift */; };
		9CE94B8AFF716599A1BCF02A /* Pods_Jenkins.framework in Frameworks */ = {isa = PBXBuildFile; fileRef = C1E3E0B3427D0F3D3FE370C9 /* Pods_Jenkins.framework */; };
		C59C8D1F2CB3948406A48458 /* Pods_JenkinsTests.framework in Frameworks */ = {isa = PBXBuildFile; fileRef = 4BF69F4CC6A9F0E8961CF8F0 /* Pods_JenkinsTests.framework */; };
/* End PBXBuildFile section */

/* Begin PBXContainerItemProxy section */
		715670792060D6BA00920941 /* PBXContainerItemProxy */ = {
			isa = PBXContainerItemProxy;
			containerPortal = 7156705C2060D6B900920941 /* Project object */;
			proxyType = 1;
			remoteGlobalIDString = 715670632060D6B900920941;
			remoteInfo = Jenkins;
		};
		715670842060D6BA00920941 /* PBXContainerItemProxy */ = {
			isa = PBXContainerItemProxy;
			containerPortal = 7156705C2060D6B900920941 /* Project object */;
			proxyType = 1;
			remoteGlobalIDString = 715670632060D6B900920941;
			remoteInfo = Jenkins;
		};
/* End PBXContainerItemProxy section */

/* Begin PBXFileReference section */
		00C567683C5290791740A88B /* Pods-JenkinsUITests.debug.xcconfig */ = {isa = PBXFileReference; includeInIndex = 1; lastKnownFileType = text.xcconfig; name = "Pods-JenkinsUITests.debug.xcconfig"; path = "Pods/Target Support Files/Pods-JenkinsUITests/Pods-JenkinsUITests.debug.xcconfig"; sourceTree = "<group>"; };
		05690F7A23795C8F11B678A7 /* Pods-Jenkins.debug.xcconfig */ = {isa = PBXFileReference; includeInIndex = 1; lastKnownFileType = text.xcconfig; name = "Pods-Jenkins.debug.xcconfig"; path = "Pods/Target Support Files/Pods-Jenkins/Pods-Jenkins.debug.xcconfig"; sourceTree = "<group>"; };
		4BF69F4CC6A9F0E8961CF8F0 /* Pods_JenkinsTests.framework */ = {isa = PBXFileReference; explicitFileType = wrapper.framework; includeInIndex = 0; path = Pods_JenkinsTests.framework; sourceTree = BUILT_PRODUCTS_DIR; };
		715670642060D6B900920941 /* Jenkins.app */ = {isa = PBXFileReference; explicitFileType = wrapper.application; includeInIndex = 0; path = Jenkins.app; sourceTree = BUILT_PRODUCTS_DIR; };
		715670672060D6BA00920941 /* AppDelegate.swift */ = {isa = PBXFileReference; lastKnownFileType = sourcecode.swift; path = AppDelegate.swift; sourceTree = "<group>"; };
		715670692060D6BA00920941 /* ViewController.swift */ = {isa = PBXFileReference; lastKnownFileType = sourcecode.swift; path = ViewController.swift; sourceTree = "<group>"; };
		7156706C2060D6BA00920941 /* Base */ = {isa = PBXFileReference; lastKnownFileType = file.storyboard; name = Base; path = Base.lproj/Main.storyboard; sourceTree = "<group>"; };
		7156706E2060D6BA00920941 /* Assets.xcassets */ = {isa = PBXFileReference; lastKnownFileType = folder.assetcatalog; path = Assets.xcassets; sourceTree = "<group>"; };
		715670712060D6BA00920941 /* Base */ = {isa = PBXFileReference; lastKnownFileType = file.storyboard; name = Base; path = Base.lproj/LaunchScreen.storyboard; sourceTree = "<group>"; };
		715670732060D6BA00920941 /* Info.plist */ = {isa = PBXFileReference; lastKnownFileType = text.plist.xml; path = Info.plist; sourceTree = "<group>"; };
		715670782060D6BA00920941 /* JenkinsTests.xctest */ = {isa = PBXFileReference; explicitFileType = wrapper.cfbundle; includeInIndex = 0; path = JenkinsTests.xctest; sourceTree = BUILT_PRODUCTS_DIR; };
		7156707C2060D6BA00920941 /* JenkinsTests.swift */ = {isa = PBXFileReference; lastKnownFileType = sourcecode.swift; path = JenkinsTests.swift; sourceTree = "<group>"; };
		7156707E2060D6BA00920941 /* Info.plist */ = {isa = PBXFileReference; lastKnownFileType = text.plist.xml; path = Info.plist; sourceTree = "<group>"; };
		715670832060D6BA00920941 /* JenkinsUITests.xctest */ = {isa = PBXFileReference; explicitFileType = wrapper.cfbundle; includeInIndex = 0; path = JenkinsUITests.xctest; sourceTree = BUILT_PRODUCTS_DIR; };
		715670872060D6BA00920941 /* JenkinsUITests.swift */ = {isa = PBXFileReference; lastKnownFileType = sourcecode.swift; path = JenkinsUITests.swift; sourceTree = "<group>"; };
		715670892060D6BA00920941 /* Info.plist */ = {isa = PBXFileReference; lastKnownFileType = text.plist.xml; path = Info.plist; sourceTree = "<group>"; };
		98DFFF33987B9D39D71725BA /* Pods_JenkinsUITests.framework */ = {isa = PBXFileReference; explicitFileType = wrapper.framework; includeInIndex = 0; path = Pods_JenkinsUITests.framework; sourceTree = BUILT_PRODUCTS_DIR; };
		A0FD3494AB3CD5718E38DEDB /* Pods-JenkinsUITests.release.xcconfig */ = {isa = PBXFileReference; includeInIndex = 1; lastKnownFileType = text.xcconfig; name = "Pods-JenkinsUITests.release.xcconfig"; path = "Pods/Target Support Files/Pods-JenkinsUITests/Pods-JenkinsUITests.release.xcconfig"; sourceTree = "<group>"; };
		C1E3E0B3427D0F3D3FE370C9 /* Pods_Jenkins.framework */ = {isa = PBXFileReference; explicitFileType = wrapper.framework; includeInIndex = 0; path = Pods_Jenkins.framework; sourceTree = BUILT_PRODUCTS_DIR; };
		F26B2BD530AC58D6F2FFDF6D /* Pods-Jenkins.release.xcconfig */ = {isa = PBXFileReference; includeInIndex = 1; lastKnownFileType = text.xcconfig; name = "Pods-Jenkins.release.xcconfig"; path = "Pods/Target Support Files/Pods-Jenkins/Pods-Jenkins.release.xcconfig"; sourceTree = "<group>"; };
		F8D2186F0D5196431CF4ABF6 /* Pods-JenkinsTests.debug.xcconfig */ = {isa = PBXFileReference; includeInIndex = 1; lastKnownFileType = text.xcconfig; name = "Pods-JenkinsTests.debug.xcconfig"; path = "Pods/Target Support Files/Pods-JenkinsTests/Pods-JenkinsTests.debug.xcconfig"; sourceTree = "<group>"; };
		FDC378FBBCBC8EAA9DC2B38D /* Pods-JenkinsTests.release.xcconfig */ = {isa = PBXFileReference; includeInIndex = 1; lastKnownFileType = text.xcconfig; name = "Pods-JenkinsTests.release.xcconfig"; path = "Pods/Target Support Files/Pods-JenkinsTests/Pods-JenkinsTests.release.xcconfig"; sourceTree = "<group>"; };
/* End PBXFileReference section */

/* Begin PBXFrameworksBuildPhase section */
		715670612060D6B900920941 /* Frameworks */ = {
			isa = PBXFrameworksBuildPhase;
			buildActionMask = 2147483647;
			files = (
				9CE94B8AFF716599A1BCF02A /* Pods_Jenkins.framework in Frameworks */,
			);
			runOnlyForDeploymentPostprocessing = 0;
		};
		715670752060D6BA00920941 /* Frameworks */ = {
			isa = PBXFrameworksBuildPhase;
			buildActionMask = 2147483647;
			files = (
				C59C8D1F2CB3948406A48458 /* Pods_JenkinsTests.framework in Frameworks */,
			);
			runOnlyForDeploymentPostprocessing = 0;
		};
		715670802060D6BA00920941 /* Frameworks */ = {
			isa = PBXFrameworksBuildPhase;
			buildActionMask = 2147483647;
			files = (
				2FFCB760B02EA6725CA07419 /* Pods_JenkinsUITests.framework in Frameworks */,
			);
			runOnlyForDeploymentPostprocessing = 0;
		};
/* End PBXFrameworksBuildPhase section */

/* Begin PBXGroup section */
		409B4118421D35835753B4D1 /* Pods */ = {
			isa = PBXGroup;
			children = (
				05690F7A23795C8F11B678A7 /* Pods-Jenkins.debug.xcconfig */,
				F26B2BD530AC58D6F2FFDF6D /* Pods-Jenkins.release.xcconfig */,
				F8D2186F0D5196431CF4ABF6 /* Pods-JenkinsTests.debug.xcconfig */,
				FDC378FBBCBC8EAA9DC2B38D /* Pods-JenkinsTests.release.xcconfig */,
				00C567683C5290791740A88B /* Pods-JenkinsUITests.debug.xcconfig */,
				A0FD3494AB3CD5718E38DEDB /* Pods-JenkinsUITests.release.xcconfig */,
			);
			name = Pods;
			sourceTree = "<group>";
		};
		7156705B2060D6B900920941 = {
			isa = PBXGroup;
			children = (
				715670662060D6B900920941 /* Jenkins */,
				7156707B2060D6BA00920941 /* JenkinsTests */,
				715670862060D6BA00920941 /* JenkinsUITests */,
				715670652060D6B900920941 /* Products */,
				409B4118421D35835753B4D1 /* Pods */,
				C3B124FAD8203EAA0A341DA2 /* Frameworks */,
			);
			sourceTree = "<group>";
		};
		715670652060D6B900920941 /* Products */ = {
			isa = PBXGroup;
			children = (
				715670642060D6B900920941 /* Jenkins.app */,
				715670782060D6BA00920941 /* JenkinsTests.xctest */,
				715670832060D6BA00920941 /* JenkinsUITests.xctest */,
			);
			name = Products;
			sourceTree = "<group>";
		};
		715670662060D6B900920941 /* Jenkins */ = {
			isa = PBXGroup;
			children = (
				715670672060D6BA00920941 /* AppDelegate.swift */,
				715670692060D6BA00920941 /* ViewController.swift */,
				7156706B2060D6BA00920941 /* Main.storyboard */,
				7156706E2060D6BA00920941 /* Assets.xcassets */,
				715670702060D6BA00920941 /* LaunchScreen.storyboard */,
				715670732060D6BA00920941 /* Info.plist */,
			);
			path = Jenkins;
			sourceTree = "<group>";
		};
		7156707B2060D6BA00920941 /* JenkinsTests */ = {
			isa = PBXGroup;
			children = (
				7156707C2060D6BA00920941 /* JenkinsTests.swift */,
				7156707E2060D6BA00920941 /* Info.plist */,
			);
			path = JenkinsTests;
			sourceTree = "<group>";
		};
		715670862060D6BA00920941 /* JenkinsUITests */ = {
			isa = PBXGroup;
			children = (
				715670872060D6BA00920941 /* JenkinsUITests.swift */,
				715670892060D6BA00920941 /* Info.plist */,
			);
			path = JenkinsUITests;
			sourceTree = "<group>";
		};
		C3B124FAD8203EAA0A341DA2 /* Frameworks */ = {
			isa = PBXGroup;
			children = (
				C1E3E0B3427D0F3D3FE370C9 /* Pods_Jenkins.framework */,
				4BF69F4CC6A9F0E8961CF8F0 /* Pods_JenkinsTests.framework */,
				98DFFF33987B9D39D71725BA /* Pods_JenkinsUITests.framework */,
			);
			name = Frameworks;
			sourceTree = "<group>";
		};
/* End PBXGroup section */

/* Begin PBXNativeTarget section */
		715670632060D6B900920941 /* Jenkins */ = {
			isa = PBXNativeTarget;
			buildConfigurationList = 7156708C2060D6BA00920941 /* Build configuration list for PBXNativeTarget "Jenkins" */;
			buildPhases = (
				A836EF1006DC6EA195BC4A1B /* [CP] Check Pods Manifest.lock */,
				715670602060D6B900920941 /* Sources */,
				715670612060D6B900920941 /* Frameworks */,
				715670622060D6B900920941 /* Resources */,
				5268A3D86984E9F9A567BDD4 /* [CP] Embed Pods Frameworks */,
				87AF29950739E5F837C09A60 /* [CP] Copy Pods Resources */,
			);
			buildRules = (
			);
			dependencies = (
			);
			name = Jenkins;
			productName = Jenkins;
			productReference = 715670642060D6B900920941 /* Jenkins.app */;
			productType = "com.apple.product-type.application";
		};
		715670772060D6BA00920941 /* JenkinsTests */ = {
			isa = PBXNativeTarget;
			buildConfigurationList = 7156708F2060D6BA00920941 /* Build configuration list for PBXNativeTarget "JenkinsTests" */;
			buildPhases = (
				7AE76768F5E6460FB4AA4AEE /* [CP] Check Pods Manifest.lock */,
				715670742060D6BA00920941 /* Sources */,
				715670752060D6BA00920941 /* Frameworks */,
				715670762060D6BA00920941 /* Resources */,
				745430770ED0A97E195C4C9A /* [CP] Embed Pods Frameworks */,
				3C690EF800C279EE201ADE0B /* [CP] Copy Pods Resources */,
			);
			buildRules = (
			);
			dependencies = (
				7156707A2060D6BA00920941 /* PBXTargetDependency */,
			);
			name = JenkinsTests;
			productName = JenkinsTests;
			productReference = 715670782060D6BA00920941 /* JenkinsTests.xctest */;
			productType = "com.apple.product-type.bundle.unit-test";
		};
		715670822060D6BA00920941 /* JenkinsUITests */ = {
			isa = PBXNativeTarget;
			buildConfigurationList = 715670922060D6BA00920941 /* Build configuration list for PBXNativeTarget "JenkinsUITests" */;
			buildPhases = (
				972E1F1E04FAFA9B4E81B4C8 /* [CP] Check Pods Manifest.lock */,
				7156707F2060D6BA00920941 /* Sources */,
				715670802060D6BA00920941 /* Frameworks */,
				715670812060D6BA00920941 /* Resources */,
				26C15678B154DBF901E527CC /* [CP] Embed Pods Frameworks */,
				0629FCF5CB53768AAEFA084E /* [CP] Copy Pods Resources */,
			);
			buildRules = (
			);
			dependencies = (
				715670852060D6BA00920941 /* PBXTargetDependency */,
			);
			name = JenkinsUITests;
			productName = JenkinsUITests;
			productReference = 715670832060D6BA00920941 /* JenkinsUITests.xctest */;
			productType = "com.apple.product-type.bundle.ui-testing";
		};
/* End PBXNativeTarget section */

/* Begin PBXProject section */
		7156705C2060D6B900920941 /* Project object */ = {
			isa = PBXProject;
			attributes = {
				LastSwiftUpdateCheck = 0920;
				LastUpgradeCheck = 0920;
				ORGANIZATIONNAME = anderson;
				TargetAttributes = {
					715670632060D6B900920941 = {
						CreatedOnToolsVersion = 9.2;
						ProvisioningStyle = Automatic;
					};
					715670772060D6BA00920941 = {
						CreatedOnToolsVersion = 9.2;
						ProvisioningStyle = Automatic;
						TestTargetID = 715670632060D6B900920941;
					};
					715670822060D6BA00920941 = {
						CreatedOnToolsVersion = 9.2;
						ProvisioningStyle = Automatic;
						TestTargetID = 715670632060D6B900920941;
					};
				};
			};
			buildConfigurationList = 7156705F2060D6B900920941 /* Build configuration list for PBXProject "Jenkins" */;
			compatibilityVersion = "Xcode 8.0";
			developmentRegion = en;
			hasScannedForEncodings = 0;
			knownRegions = (
				en,
				Base,
			);
			mainGroup = 7156705B2060D6B900920941;
			productRefGroup = 715670652060D6B900920941 /* Products */;
			projectDirPath = "";
			projectRoot = "";
			targets = (
				715670632060D6B900920941 /* Jenkins */,
				715670772060D6BA00920941 /* JenkinsTests */,
				715670822060D6BA00920941 /* JenkinsUITests */,
			);
		};
/* End PBXProject section */

/* Begin PBXResourcesBuildPhase section */
		715670622060D6B900920941 /* Resources */ = {
			isa = PBXResourcesBuildPhase;
			buildActionMask = 2147483647;
			files = (
				715670722060D6BA00920941 /* LaunchScreen.storyboard in Resources */,
				7156706F2060D6BA00920941 /* Assets.xcassets in Resources */,
				7156706D2060D6BA00920941 /* Main.storyboard in Resources */,
			);
			runOnlyForDeploymentPostprocessing = 0;
		};
		715670762060D6BA00920941 /* Resources */ = {
			isa = PBXResourcesBuildPhase;
			buildActionMask = 2147483647;
			files = (
			);
			runOnlyForDeploymentPostprocessing = 0;
		};
		715670812060D6BA00920941 /* Resources */ = {
			isa = PBXResourcesBuildPhase;
			buildActionMask = 2147483647;
			files = (
			);
			runOnlyForDeploymentPostprocessing = 0;
		};
/* End PBXResourcesBuildPhase section */

/* Begin PBXShellScriptBuildPhase section */
		0629FCF5CB53768AAEFA084E /* [CP] Copy Pods Resources */ = {
			isa = PBXShellScriptBuildPhase;
			buildActionMask = 2147483647;
			files = (
			);
			inputPaths = (
			);
			name = "[CP] Copy Pods Resources";
			outputPaths = (
			);
			runOnlyForDeploymentPostprocessing = 0;
			shellPath = /bin/sh;
			shellScript = "\"${SRCROOT}/Pods/Target Support Files/Pods-JenkinsUITests/Pods-JenkinsUITests-resources.sh\"\n";
			showEnvVarsInLog = 0;
		};
		26C15678B154DBF901E527CC /* [CP] Embed Pods Frameworks */ = {
			isa = PBXShellScriptBuildPhase;
			buildActionMask = 2147483647;
			files = (
			);
			inputPaths = (
			);
			name = "[CP] Embed Pods Frameworks";
			outputPaths = (
			);
			runOnlyForDeploymentPostprocessing = 0;
			shellPath = /bin/sh;
			shellScript = "\"${SRCROOT}/Pods/Target Support Files/Pods-JenkinsUITests/Pods-JenkinsUITests-frameworks.sh\"\n";
			showEnvVarsInLog = 0;
		};
		3C690EF800C279EE201ADE0B /* [CP] Copy Pods Resources */ = {
			isa = PBXShellScriptBuildPhase;
			buildActionMask = 2147483647;
			files = (
			);
			inputPaths = (
			);
			name = "[CP] Copy Pods Resources";
			outputPaths = (
			);
			runOnlyForDeploymentPostprocessing = 0;
			shellPath = /bin/sh;
			shellScript = "\"${SRCROOT}/Pods/Target Support Files/Pods-JenkinsTests/Pods-JenkinsTests-resources.sh\"\n";
			showEnvVarsInLog = 0;
		};
		5268A3D86984E9F9A567BDD4 /* [CP] Embed Pods Frameworks */ = {
			isa = PBXShellScriptBuildPhase;
			buildActionMask = 2147483647;
			files = (
			);
			inputPaths = (
			);
			name = "[CP] Embed Pods Frameworks";
			outputPaths = (
			);
			runOnlyForDeploymentPostprocessing = 0;
			shellPath = /bin/sh;
			shellScript = "\"${SRCROOT}/Pods/Target Support Files/Pods-Jenkins/Pods-Jenkins-frameworks.sh\"\n";
			showEnvVarsInLog = 0;
		};
		745430770ED0A97E195C4C9A /* [CP] Embed Pods Frameworks */ = {
			isa = PBXShellScriptBuildPhase;
			buildActionMask = 2147483647;
			files = (
			);
			inputPaths = (
			);
			name = "[CP] Embed Pods Frameworks";
			outputPaths = (
			);
			runOnlyForDeploymentPostprocessing = 0;
			shellPath = /bin/sh;
			shellScript = "\"${SRCROOT}/Pods/Target Support Files/Pods-JenkinsTests/Pods-JenkinsTests-frameworks.sh\"\n";
			showEnvVarsInLog = 0;
		};
		7AE76768F5E6460FB4AA4AEE /* [CP] Check Pods Manifest.lock */ = {
			isa = PBXShellScriptBuildPhase;
			buildActionMask = 2147483647;
			files = (
			);
			inputPaths = (
				"${PODS_PODFILE_DIR_PATH}/Podfile.lock",
				"${PODS_ROOT}/Manifest.lock",
			);
			name = "[CP] Check Pods Manifest.lock";
			outputPaths = (
				"$(DERIVED_FILE_DIR)/Pods-JenkinsTests-checkManifestLockResult.txt",
			);
			runOnlyForDeploymentPostprocessing = 0;
			shellPath = /bin/sh;
			shellScript = "diff \"${PODS_PODFILE_DIR_PATH}/Podfile.lock\" \"${PODS_ROOT}/Manifest.lock\" > /dev/null\nif [ $? != 0 ] ; then\n    # print error to STDERR\n    echo \"error: The sandbox is not in sync with the Podfile.lock. Run 'pod install' or update your CocoaPods installation.\" >&2\n    exit 1\nfi\n# This output is used by Xcode 'outputs' to avoid re-running this script phase.\necho \"SUCCESS\" > \"${SCRIPT_OUTPUT_FILE_0}\"\n";
			showEnvVarsInLog = 0;
		};
		87AF29950739E5F837C09A60 /* [CP] Copy Pods Resources */ = {
			isa = PBXShellScriptBuildPhase;
			buildActionMask = 2147483647;
			files = (
			);
			inputPaths = (
			);
			name = "[CP] Copy Pods Resources";
			outputPaths = (
			);
			runOnlyForDeploymentPostprocessing = 0;
			shellPath = /bin/sh;
			shellScript = "\"${SRCROOT}/Pods/Target Support Files/Pods-Jenkins/Pods-Jenkins-resources.sh\"\n";
			showEnvVarsInLog = 0;
		};
		972E1F1E04FAFA9B4E81B4C8 /* [CP] Check Pods Manifest.lock */ = {
			isa = PBXShellScriptBuildPhase;
			buildActionMask = 2147483647;
			files = (
			);
			inputPaths = (
				"${PODS_PODFILE_DIR_PATH}/Podfile.lock",
				"${PODS_ROOT}/Manifest.lock",
			);
			name = "[CP] Check Pods Manifest.lock";
			outputPaths = (
				"$(DERIVED_FILE_DIR)/Pods-JenkinsUITests-checkManifestLockResult.txt",
			);
			runOnlyForDeploymentPostprocessing = 0;
			shellPath = /bin/sh;
			shellScript = "diff \"${PODS_PODFILE_DIR_PATH}/Podfile.lock\" \"${PODS_ROOT}/Manifest.lock\" > /dev/null\nif [ $? != 0 ] ; then\n    # print error to STDERR\n    echo \"error: The sandbox is not in sync with the Podfile.lock. Run 'pod install' or update your CocoaPods installation.\" >&2\n    exit 1\nfi\n# This output is used by Xcode 'outputs' to avoid re-running this script phase.\necho \"SUCCESS\" > \"${SCRIPT_OUTPUT_FILE_0}\"\n";
			showEnvVarsInLog = 0;
		};
		A836EF1006DC6EA195BC4A1B /* [CP] Check Pods Manifest.lock */ = {
			isa = PBXShellScriptBuildPhase;
			buildActionMask = 2147483647;
			files = (
			);
			inputPaths = (
				"${PODS_PODFILE_DIR_PATH}/Podfile.lock",
				"${PODS_ROOT}/Manifest.lock",
			);
			name = "[CP] Check Pods Manifest.lock";
			outputPaths = (
				"$(DERIVED_FILE_DIR)/Pods-Jenkins-checkManifestLockResult.txt",
			);
			runOnlyForDeploymentPostprocessing = 0;
			shellPath = /bin/sh;
			shellScript = "diff \"${PODS_PODFILE_DIR_PATH}/Podfile.lock\" \"${PODS_ROOT}/Manifest.lock\" > /dev/null\nif [ $? != 0 ] ; then\n    # print error to STDERR\n    echo \"error: The sandbox is not in sync with the Podfile.lock. Run 'pod install' or update your CocoaPods installation.\" >&2\n    exit 1\nfi\n# This output is used by Xcode 'outputs' to avoid re-running this script phase.\necho \"SUCCESS\" > \"${SCRIPT_OUTPUT_FILE_0}\"\n";
			showEnvVarsInLog = 0;
		};
/* End PBXShellScriptBuildPhase section */

/* Begin PBXSourcesBuildPhase section */
		715670602060D6B900920941 /* Sources */ = {
			isa = PBXSourcesBuildPhase;
			buildActionMask = 2147483647;
			files = (
				7156706A2060D6BA00920941 /* ViewController.swift in Sources */,
				715670682060D6BA00920941 /* AppDelegate.swift in Sources */,
			);
			runOnlyForDeploymentPostprocessing = 0;
		};
		715670742060D6BA00920941 /* Sources */ = {
			isa = PBXSourcesBuildPhase;
			buildActionMask = 2147483647;
			files = (
				7156707D2060D6BA00920941 /* JenkinsTests.swift in Sources */,
			);
			runOnlyForDeploymentPostprocessing = 0;
		};
		7156707F2060D6BA00920941 /* Sources */ = {
			isa = PBXSourcesBuildPhase;
			buildActionMask = 2147483647;
			files = (
				715670882060D6BA00920941 /* JenkinsUITests.swift in Sources */,
			);
			runOnlyForDeploymentPostprocessing = 0;
		};
/* End PBXSourcesBuildPhase section */

/* Begin PBXTargetDependency section */
		7156707A2060D6BA00920941 /* PBXTargetDependency */ = {
			isa = PBXTargetDependency;
			target = 715670632060D6B900920941 /* Jenkins */;
			targetProxy = 715670792060D6BA00920941 /* PBXContainerItemProxy */;
		};
		715670852060D6BA00920941 /* PBXTargetDependency */ = {
			isa = PBXTargetDependency;
			target = 715670632060D6B900920941 /* Jenkins */;
			targetProxy = 715670842060D6BA00920941 /* PBXContainerItemProxy */;
		};
/* End PBXTargetDependency section */

/* Begin PBXVariantGroup section */
		7156706B2060D6BA00920941 /* Main.storyboard */ = {
			isa = PBXVariantGroup;
			children = (
				7156706C2060D6BA00920941 /* Base */,
			);
			name = Main.storyboard;
			sourceTree = "<group>";
		};
		715670702060D6BA00920941 /* LaunchScreen.storyboard */ = {
			isa = PBXVariantGroup;
			children = (
				715670712060D6BA00920941 /* Base */,
			);
			name = LaunchScreen.storyboard;
			sourceTree = "<group>";
		};
/* End PBXVariantGroup section */

/* Begin XCBuildConfiguration section */
		7156708A2060D6BA00920941 /* Debug */ = {
			isa = XCBuildConfiguration;
			buildSettings = {
				ALWAYS_SEARCH_USER_PATHS = NO;
				CLANG_ANALYZER_NONNULL = YES;
				CLANG_ANALYZER_NUMBER_OBJECT_CONVERSION = YES_AGGRESSIVE;
				CLANG_CXX_LANGUAGE_STANDARD = "gnu++14";
				CLANG_CXX_LIBRARY = "libc++";
				CLANG_ENABLE_MODULES = YES;
				CLANG_ENABLE_OBJC_ARC = YES;
				CLANG_WARN_BLOCK_CAPTURE_AUTORELEASING = YES;
				CLANG_WARN_BOOL_CONVERSION = YES;
				CLANG_WARN_COMMA = YES;
				CLANG_WARN_CONSTANT_CONVERSION = YES;
				CLANG_WARN_DIRECT_OBJC_ISA_USAGE = YES_ERROR;
				CLANG_WARN_DOCUMENTATION_COMMENTS = YES;
				CLANG_WARN_EMPTY_BODY = YES;
				CLANG_WARN_ENUM_CONVERSION = YES;
				CLANG_WARN_INFINITE_RECURSION = YES;
				CLANG_WARN_INT_CONVERSION = YES;
				CLANG_WARN_NON_LITERAL_NULL_CONVERSION = YES;
				CLANG_WARN_OBJC_LITERAL_CONVERSION = YES;
				CLANG_WARN_OBJC_ROOT_CLASS = YES_ERROR;
				CLANG_WARN_RANGE_LOOP_ANALYSIS = YES;
				CLANG_WARN_STRICT_PROTOTYPES = YES;
				CLANG_WARN_SUSPICIOUS_MOVE = YES;
				CLANG_WARN_UNGUARDED_AVAILABILITY = YES_AGGRESSIVE;
				CLANG_WARN_UNREACHABLE_CODE = YES;
				CLANG_WARN__DUPLICATE_METHOD_MATCH = YES;
				CODE_SIGN_IDENTITY = "iPhone Developer";
				COPY_PHASE_STRIP = NO;
				DEBUG_INFORMATION_FORMAT = dwarf;
				ENABLE_STRICT_OBJC_MSGSEND = YES;
				ENABLE_TESTABILITY = YES;
				GCC_C_LANGUAGE_STANDARD = gnu11;
				GCC_DYNAMIC_NO_PIC = NO;
				GCC_NO_COMMON_BLOCKS = YES;
				GCC_OPTIMIZATION_LEVEL = 0;
				GCC_PREPROCESSOR_DEFINITIONS = (
					"DEBUG=1",
					"$(inherited)",
				);
				GCC_WARN_64_TO_32_BIT_CONVERSION = YES;
				GCC_WARN_ABOUT_RETURN_TYPE = YES_ERROR;
				GCC_WARN_UNDECLARED_SELECTOR = YES;
				GCC_WARN_UNINITIALIZED_AUTOS = YES_AGGRESSIVE;
				GCC_WARN_UNUSED_FUNCTION = YES;
				GCC_WARN_UNUSED_VARIABLE = YES;
				IPHONEOS_DEPLOYMENT_TARGET = 11.2;
				MTL_ENABLE_DEBUG_INFO = YES;
				ONLY_ACTIVE_ARCH = YES;
				SDKROOT = iphoneos;
				SWIFT_ACTIVE_COMPILATION_CONDITIONS = DEBUG;
				SWIFT_OPTIMIZATION_LEVEL = "-Onone";
			};
			name = Debug;
		};
		7156708B2060D6BA00920941 /* Release */ = {
			isa = XCBuildConfiguration;
			buildSettings = {
				ALWAYS_SEARCH_USER_PATHS = NO;
				CLANG_ANALYZER_NONNULL = YES;
				CLANG_ANALYZER_NUMBER_OBJECT_CONVERSION = YES_AGGRESSIVE;
				CLANG_CXX_LANGUAGE_STANDARD = "gnu++14";
				CLANG_CXX_LIBRARY = "libc++";
				CLANG_ENABLE_MODULES = YES;
				CLANG_ENABLE_OBJC_ARC = YES;
				CLANG_WARN_BLOCK_CAPTURE_AUTORELEASING = YES;
				CLANG_WARN_BOOL_CONVERSION = YES;
				CLANG_WARN_COMMA = YES;
				CLANG_WARN_CONSTANT_CONVERSION = YES;
				CLANG_WARN_DIRECT_OBJC_ISA_USAGE = YES_ERROR;
				CLANG_WARN_DOCUMENTATION_COMMENTS = YES;
				CLANG_WARN_EMPTY_BODY = YES;
				CLANG_WARN_ENUM_CONVERSION = YES;
				CLANG_WARN_INFINITE_RECURSION = YES;
				CLANG_WARN_INT_CONVERSION = YES;
				CLANG_WARN_NON_LITERAL_NULL_CONVERSION = YES;
				CLANG_WARN_OBJC_LITERAL_CONVERSION = YES;
				CLANG_WARN_OBJC_ROOT_CLASS = YES_ERROR;
				CLANG_WARN_RANGE_LOOP_ANALYSIS = YES;
				CLANG_WARN_STRICT_PROTOTYPES = YES;
				CLANG_WARN_SUSPICIOUS_MOVE = YES;
				CLANG_WARN_UNGUARDED_AVAILABILITY = YES_AGGRESSIVE;
				CLANG_WARN_UNREACHABLE_CODE = YES;
				CLANG_WARN__DUPLICATE_METHOD_MATCH = YES;
				CODE_SIGN_IDENTITY = "iPhone Developer";
				COPY_PHASE_STRIP = NO;
				DEBUG_INFORMATION_FORMAT = "dwarf-with-dsym";
				ENABLE_NS_ASSERTIONS = NO;
				ENABLE_STRICT_OBJC_MSGSEND = YES;
				GCC_C_LANGUAGE_STANDARD = gnu11;
				GCC_NO_COMMON_BLOCKS = YES;
				GCC_WARN_64_TO_32_BIT_CONVERSION = YES;
				GCC_WARN_ABOUT_RETURN_TYPE = YES_ERROR;
				GCC_WARN_UNDECLARED_SELECTOR = YES;
				GCC_WARN_UNINITIALIZED_AUTOS = YES_AGGRESSIVE;
				GCC_WARN_UNUSED_FUNCTION = YES;
				GCC_WARN_UNUSED_VARIABLE = YES;
				IPHONEOS_DEPLOYMENT_TARGET = 11.2;
				MTL_ENABLE_DEBUG_INFO = NO;
				SDKROOT = iphoneos;
				SWIFT_OPTIMIZATION_LEVEL = "-Owholemodule";
				VALIDATE_PRODUCT = YES;
			};
			name = Release;
		};
		7156708D2060D6BA00920941 /* Debug */ = {
			isa = XCBuildConfiguration;
			baseConfigurationReference = 05690F7A23795C8F11B678A7 /* Pods-Jenkins.debug.xcconfig */;
			buildSettings = {
				ASSETCATALOG_COMPILER_APPICON_NAME = AppIcon;
				CODE_SIGN_IDENTITY = "iPhone Developer: tac@sulannet.com (3W6828RH75)";
				"CODE_SIGN_IDENTITY[sdk=iphoneos*]" = "iPhone Developer";
				CODE_SIGN_STYLE = Automatic;
				DEVELOPMENT_TEAM = 9457N99JF2;
				ENABLE_BITCODE = NO;
				INFOPLIST_FILE = Jenkins/Info.plist;
				IPHONEOS_DEPLOYMENT_TARGET = 9.0;
				LD_RUNPATH_SEARCH_PATHS = "$(inherited) @executable_path/Frameworks";
				PRODUCT_BUNDLE_IDENTIFIER = com.Dwang.Jenkins;
				PRODUCT_NAME = "$(TARGET_NAME)";
				PROVISIONING_PROFILE_SPECIFIER = "";
				SWIFT_VERSION = 4.0;
				TARGETED_DEVICE_FAMILY = 1;
			};
			name = Debug;
		};
		7156708E2060D6BA00920941 /* Release */ = {
			isa = XCBuildConfiguration;
			baseConfigurationReference = F26B2BD530AC58D6F2FFDF6D /* Pods-Jenkins.release.xcconfig */;
			buildSettings = {
				ASSETCATALOG_COMPILER_APPICON_NAME = AppIcon;
				CODE_SIGN_IDENTITY = "iPhone Developer: tac@sulannet.com (3W6828RH75)";
				"CODE_SIGN_IDENTITY[sdk=iphoneos*]" = "iPhone Developer";
				CODE_SIGN_STYLE = Automatic;
				DEVELOPMENT_TEAM = 9457N99JF2;
				ENABLE_BITCODE = NO;
				INFOPLIST_FILE = Jenkins/Info.plist;
				IPHONEOS_DEPLOYMENT_TARGET = 9.0;
				LD_RUNPATH_SEARCH_PATHS = "$(inherited) @executable_path/Frameworks";
				PRODUCT_BUNDLE_IDENTIFIER = com.Dwang.Jenkins;
				PRODUCT_NAME = "$(TARGET_NAME)";
				PROVISIONING_PROFILE_SPECIFIER = "";
				SWIFT_VERSION = 4.0;
				TARGETED_DEVICE_FAMILY = 1;
			};
			name = Release;
		};
		715670902060D6BA00920941 /* Debug */ = {
			isa = XCBuildConfiguration;
			baseConfigurationReference = F8D2186F0D5196431CF4ABF6 /* Pods-JenkinsTests.debug.xcconfig */;
			buildSettings = {
				ALWAYS_EMBED_SWIFT_STANDARD_LIBRARIES = YES;
				BUNDLE_LOADER = "$(TEST_HOST)";
				CODE_SIGN_STYLE = Automatic;
				DEVELOPMENT_TEAM = 9457N99JF2;
				INFOPLIST_FILE = JenkinsTests/Info.plist;
				LD_RUNPATH_SEARCH_PATHS = "$(inherited) @executable_path/Frameworks @loader_path/Frameworks";
				PRODUCT_BUNDLE_IDENTIFIER = com.Dwang.JenkinsTests;
				PRODUCT_NAME = "$(TARGET_NAME)";
				SWIFT_VERSION = 4.0;
				TARGETED_DEVICE_FAMILY = "1,2";
				TEST_HOST = "$(BUILT_PRODUCTS_DIR)/Jenkins.app/Jenkins";
			};
			name = Debug;
		};
		715670912060D6BA00920941 /* Release */ = {
			isa = XCBuildConfiguration;
			baseConfigurationReference = FDC378FBBCBC8EAA9DC2B38D /* Pods-JenkinsTests.release.xcconfig */;
			buildSettings = {
				ALWAYS_EMBED_SWIFT_STANDARD_LIBRARIES = YES;
				BUNDLE_LOADER = "$(TEST_HOST)";
				CODE_SIGN_STYLE = Automatic;
				DEVELOPMENT_TEAM = 9457N99JF2;
				INFOPLIST_FILE = JenkinsTests/Info.plist;
				LD_RUNPATH_SEARCH_PATHS = "$(inherited) @executable_path/Frameworks @loader_path/Frameworks";
				PRODUCT_BUNDLE_IDENTIFIER = com.Dwang.JenkinsTests;
				PRODUCT_NAME = "$(TARGET_NAME)";
				SWIFT_VERSION = 4.0;
				TARGETED_DEVICE_FAMILY = "1,2";
				TEST_HOST = "$(BUILT_PRODUCTS_DIR)/Jenkins.app/Jenkins";
			};
			name = Release;
		};
		715670932060D6BA00920941 /* Debug */ = {
			isa = XCBuildConfiguration;
			baseConfigurationReference = 00C567683C5290791740A88B /* Pods-JenkinsUITests.debug.xcconfig */;
			buildSettings = {
				ALWAYS_EMBED_SWIFT_STANDARD_LIBRARIES = YES;
				CODE_SIGN_STYLE = Automatic;
				DEVELOPMENT_TEAM = 9457N99JF2;
				INFOPLIST_FILE = JenkinsUITests/Info.plist;
				LD_RUNPATH_SEARCH_PATHS = "$(inherited) @executable_path/Frameworks @loader_path/Frameworks";
				PRODUCT_BUNDLE_IDENTIFIER = com.Dwang.JenkinsUITests;
				PRODUCT_NAME = "$(TARGET_NAME)";
				SWIFT_VERSION = 4.0;
				TARGETED_DEVICE_FAMILY = "1,2";
				TEST_TARGET_NAME = Jenkins;
			};
			name = Debug;
		};
		715670942060D6BA00920941 /* Release */ = {
			isa = XCBuildConfiguration;
			baseConfigurationReference = A0FD3494AB3CD5718E38DEDB /* Pods-JenkinsUITests.release.xcconfig */;
			buildSettings = {
				ALWAYS_EMBED_SWIFT_STANDARD_LIBRARIES = YES;
				CODE_SIGN_STYLE = Automatic;
				DEVELOPMENT_TEAM = 9457N99JF2;
				INFOPLIST_FILE = JenkinsUITests/Info.plist;
				LD_RUNPATH_SEARCH_PATHS = "$(inherited) @executable_path/Frameworks @loader_path/Frameworks";
				PRODUCT_BUNDLE_IDENTIFIER = com.Dwang.JenkinsUITests;
				PRODUCT_NAME = "$(TARGET_NAME)";
				SWIFT_VERSION = 4.0;
				TARGETED_DEVICE_FAMILY = "1,2";
				TEST_TARGET_NAME = Jenkins;
			};
			name = Release;
		};
/* End XCBuildConfiguration section */

/* Begin XCConfigurationList section */
		7156705F2060D6B900920941 /* Build configuration list for PBXProject "Jenkins" */ = {
			isa = XCConfigurationList;
			buildConfigurations = (
				7156708A2060D6BA00920941 /* Debug */,
				7156708B2060D6BA00920941 /* Release */,
			);
			defaultConfigurationIsVisible = 0;
			defaultConfigurationName = Release;
		};
		7156708C2060D6BA00920941 /* Build configuration list for PBXNativeTarget "Jenkins" */ = {
			isa = XCConfigurationList;
			buildConfigurations = (
				7156708D2060D6BA00920941 /* Debug */,
				7156708E2060D6BA00920941 /* Release */,
			);
			defaultConfigurationIsVisible = 0;
			defaultConfigurationName = Release;
		};
		7156708F2060D6BA00920941 /* Build configuration list for PBXNativeTarget "JenkinsTests" */ = {
			isa = XCConfigurationList;
			buildConfigurations = (
				715670902060D6BA00920941 /* Debug */,
				715670912060D6BA00920941 /* Release */,
			);
			defaultConfigurationIsVisible = 0;
			defaultConfigurationName = Release;
		};
		715670922060D6BA00920941 /* Build configuration list for PBXNativeTarget "JenkinsUITests" */ = {
			isa = XCConfigurationList;
			buildConfigurations = (
				715670932060D6BA00920941 /* Debug */,
				715670942060D6BA00920941 /* Release */,
			);
			defaultConfigurationIsVisible = 0;
			defaultConfigurationName = Release;
		};
/* End XCConfigurationList section */
	};
	rootObject = 7156705C2060D6B900920941 /* Project object */;
}
